
Microsoft Visual Studio Solution File, Format Version 12.00
# Visual Studio 14
VisualStudioVersion = 14.0.23107.0
MinimumVisualStudioVersion = 10.0.40219.1
Project("{8BC9CEB8-8B4A-11D0-8D11-00A0C91BC942}") = "mappings", "common\mappings\mappings.vcxproj", "{7C153142-6FA8-4479-93B8-10DB8DA56D56}"
	ProjectSection(ProjectDependencies) = postProject
		{42ED2CDB-3B80-4DDB-A3FE-36E933BECA5C} = {42ED2CDB-3B80-4DDB-A3FE-36E933BECA5C}
	EndProjectSection
EndProject
Project("{8BC9CEB8-8B4A-11D0-8D11-00A0C91BC942}") = "utilities", "common\utilities\utilities.vcxproj", "{42ED2CDB-3B80-4DDB-A3FE-36E933BECA5C}"
EndProject
Project("{8BC9CEB8-8B4A-11D0-8D11-00A0C91BC942}") = "print", "print\print.vcxproj", "{0BA2A5CE-69C9-45AD-A2CA-52448DAA7C43}"
	ProjectSection(ProjectDependencies) = postProject
		{7C153142-6FA8-4479-93B8-10DB8DA56D56} = {7C153142-6FA8-4479-93B8-10DB8DA56D56}
	EndProjectSection
EndProject
Project("{8BC9CEB8-8B4A-11D0-8D11-00A0C91BC942}") = "apply", "apply\apply.vcxproj", "{EE811BCD-5551-45FE-B44C-6F11689A7F56}"
	ProjectSection(ProjectDependencies) = postProject
		{7C153142-6FA8-4479-93B8-10DB8DA56D56} = {7C153142-6FA8-4479-93B8-10DB8DA56D56}
	EndProjectSection
EndProject
Project("{8BC9CEB8-8B4A-11D0-8D11-00A0C91BC942}") = "compile", "compile\compile.vcxproj", "{0A27D627-72FB-4158-95DB-C40EF3A35652}"
	ProjectSection(ProjectDependencies) = postProject
		{7C153142-6FA8-4479-93B8-10DB8DA56D56} = {7C153142-6FA8-4479-93B8-10DB8DA56D56}
	EndProjectSection
EndProject
Project("{8BC9CEB8-8B4A-11D0-8D11-00A0C91BC942}") = "tree_layout", "common\tree_layout\tree_layout.vcxproj", "{EF1D9D2B-20D4-4C15-BB27-8E4F80E0E734}"
EndProject
Project("{2150E333-8FDC-42A3-9474-1A3956D46DE8}") = "tests", "tests", "{10B973DF-BD58-4B4A-9EBD-DF247C1746AE}"
EndProject
Project("{8BC9CEB8-8B4A-11D0-8D11-00A0C91BC942}") = "test", "tests\test\test.vcxproj", "{F7B4A03E-C2E7-4CCA-8C9D-61813E962F26}"
	ProjectSection(ProjectDependencies) = postProject
		{EF1D9D2B-20D4-4C15-BB27-8E4F80E0E734} = {EF1D9D2B-20D4-4C15-BB27-8E4F80E0E734}
		{7C153142-6FA8-4479-93B8-10DB8DA56D56} = {7C153142-6FA8-4479-93B8-10DB8DA56D56}
		{951EAFB6-2B18-4385-8E6D-950DD10CBA98} = {951EAFB6-2B18-4385-8E6D-950DD10CBA98}
		{42ED2CDB-3B80-4DDB-A3FE-36E933BECA5C} = {42ED2CDB-3B80-4DDB-A3FE-36E933BECA5C}
	EndProjectSection
EndProject
Project("{8BC9CEB8-8B4A-11D0-8D11-00A0C91BC942}") = "standalone_tree_layout", "tests\standalone_tree_layout\standalone_tree_layout.vcxproj", "{1A775255-21E6-4CD9-BE8C-226C73F81E0F}"
	ProjectSection(ProjectDependencies) = postProject
		{EF1D9D2B-20D4-4C15-BB27-8E4F80E0E734} = {EF1D9D2B-20D4-4C15-BB27-8E4F80E0E734}
		{7C153142-6FA8-4479-93B8-10DB8DA56D56} = {7C153142-6FA8-4479-93B8-10DB8DA56D56}
		{42ED2CDB-3B80-4DDB-A3FE-36E933BECA5C} = {42ED2CDB-3B80-4DDB-A3FE-36E933BECA5C}
		{13682BFD-E22B-462B-9520-E234B624734A} = {13682BFD-E22B-462B-9520-E234B624734A}
	EndProjectSection
EndProject
Project("{2150E333-8FDC-42A3-9474-1A3956D46DE8}") = "common", "common", "{02F40ED6-9C6C-483E-B694-808DD6EB7A69}"
EndProject
Project("{2150E333-8FDC-42A3-9474-1A3956D46DE8}") = "trainers", "trainers", "{B3695D8F-1B7C-4FA3-829D-F725AEA31EE6}"
EndProject
Project("{8BC9CEB8-8B4A-11D0-8D11-00A0C91BC942}") = "sgd", "trainers\sgd\sgd.vcxproj", "{968EFC5A-68A0-4A3A-8312-801C3A7AAEFD}"
	ProjectSection(ProjectDependencies) = postProject
		{7C153142-6FA8-4479-93B8-10DB8DA56D56} = {7C153142-6FA8-4479-93B8-10DB8DA56D56}
		{50749761-3F3D-44AE-9993-B6250A9E88AA} = {50749761-3F3D-44AE-9993-B6250A9E88AA}
		{951EAFB6-2B18-4385-8E6D-950DD10CBA98} = {951EAFB6-2B18-4385-8E6D-950DD10CBA98}
		{9D4AB3E4-C26B-4B7D-80EB-61267044F7D8} = {9D4AB3E4-C26B-4B7D-80EB-61267044F7D8}
		{D6FDE3E6-4E52-4BA3-AB0D-BB7C9B100803} = {D6FDE3E6-4E52-4BA3-AB0D-BB7C9B100803}
	EndProjectSection
EndProject
Project("{8BC9CEB8-8B4A-11D0-8D11-00A0C91BC942}") = "linear", "common\linear\linear.vcxproj", "{951EAFB6-2B18-4385-8E6D-950DD10CBA98}"
EndProject
Project("{8BC9CEB8-8B4A-11D0-8D11-00A0C91BC942}") = "linear_test", "tests\linear_test\linear_test.vcxproj", "{EB82BF14-D313-4DE1-B5EF-CAB9F36BC24F}"
	ProjectSection(ProjectDependencies) = postProject
		{951EAFB6-2B18-4385-8E6D-950DD10CBA98} = {951EAFB6-2B18-4385-8E6D-950DD10CBA98}
	EndProjectSection
EndProject
Project("{8BC9CEB8-8B4A-11D0-8D11-00A0C91BC942}") = "dataset", "common\dataset\dataset.vcxproj", "{50749761-3F3D-44AE-9993-B6250A9E88AA}"
EndProject
Project("{8BC9CEB8-8B4A-11D0-8D11-00A0C91BC942}") = "loss_functions", "common\loss_functions\loss_functions.vcxproj", "{D6FDE3E6-4E52-4BA3-AB0D-BB7C9B100803}"
EndProject
Project("{8BC9CEB8-8B4A-11D0-8D11-00A0C91BC942}") = "predictors", "common\predictors\predictors.vcxproj", "{13682BFD-E22B-462B-9520-E234B624734A}"
EndProject
Project("{8BC9CEB8-8B4A-11D0-8D11-00A0C91BC942}") = "optimization", "common\optimization\optimization.vcxproj", "{9D4AB3E4-C26B-4B7D-80EB-61267044F7D8}"
EndProject
Global
	GlobalSection(SolutionConfigurationPlatforms) = preSolution
		debug|x64 = debug|x64
		release|x64 = release|x64
	EndGlobalSection
	GlobalSection(ProjectConfigurationPlatforms) = postSolution
		{7C153142-6FA8-4479-93B8-10DB8DA56D56}.debug|x64.ActiveCfg = debug|x64
		{7C153142-6FA8-4479-93B8-10DB8DA56D56}.debug|x64.Build.0 = debug|x64
		{7C153142-6FA8-4479-93B8-10DB8DA56D56}.release|x64.ActiveCfg = release|x64
		{7C153142-6FA8-4479-93B8-10DB8DA56D56}.release|x64.Build.0 = release|x64
		{42ED2CDB-3B80-4DDB-A3FE-36E933BECA5C}.debug|x64.ActiveCfg = debug|x64
		{42ED2CDB-3B80-4DDB-A3FE-36E933BECA5C}.debug|x64.Build.0 = debug|x64
		{42ED2CDB-3B80-4DDB-A3FE-36E933BECA5C}.release|x64.ActiveCfg = release|x64
		{42ED2CDB-3B80-4DDB-A3FE-36E933BECA5C}.release|x64.Build.0 = release|x64
		{0BA2A5CE-69C9-45AD-A2CA-52448DAA7C43}.debug|x64.ActiveCfg = debug|x64
		{0BA2A5CE-69C9-45AD-A2CA-52448DAA7C43}.release|x64.ActiveCfg = release|x64
		{0BA2A5CE-69C9-45AD-A2CA-52448DAA7C43}.release|x64.Build.0 = release|x64
		{EE811BCD-5551-45FE-B44C-6F11689A7F56}.debug|x64.ActiveCfg = debug|x64
		{EE811BCD-5551-45FE-B44C-6F11689A7F56}.release|x64.ActiveCfg = release|x64
		{EE811BCD-5551-45FE-B44C-6F11689A7F56}.release|x64.Build.0 = release|x64
		{0A27D627-72FB-4158-95DB-C40EF3A35652}.debug|x64.ActiveCfg = debug|x64
		{0A27D627-72FB-4158-95DB-C40EF3A35652}.release|x64.ActiveCfg = release|x64
		{0A27D627-72FB-4158-95DB-C40EF3A35652}.release|x64.Build.0 = release|x64
		{EF1D9D2B-20D4-4C15-BB27-8E4F80E0E734}.debug|x64.ActiveCfg = debug|x64
		{EF1D9D2B-20D4-4C15-BB27-8E4F80E0E734}.debug|x64.Build.0 = debug|x64
		{EF1D9D2B-20D4-4C15-BB27-8E4F80E0E734}.release|x64.ActiveCfg = release|x64
		{EF1D9D2B-20D4-4C15-BB27-8E4F80E0E734}.release|x64.Build.0 = release|x64
		{F7B4A03E-C2E7-4CCA-8C9D-61813E962F26}.debug|x64.ActiveCfg = debug|x64
		{F7B4A03E-C2E7-4CCA-8C9D-61813E962F26}.debug|x64.Build.0 = debug|x64
		{F7B4A03E-C2E7-4CCA-8C9D-61813E962F26}.release|x64.ActiveCfg = release|x64
		{F7B4A03E-C2E7-4CCA-8C9D-61813E962F26}.release|x64.Build.0 = release|x64
		{1A775255-21E6-4CD9-BE8C-226C73F81E0F}.debug|x64.ActiveCfg = debug|x64
		{1A775255-21E6-4CD9-BE8C-226C73F81E0F}.debug|x64.Build.0 = debug|x64
		{1A775255-21E6-4CD9-BE8C-226C73F81E0F}.release|x64.ActiveCfg = release|x64
		{1A775255-21E6-4CD9-BE8C-226C73F81E0F}.release|x64.Build.0 = release|x64
		{968EFC5A-68A0-4A3A-8312-801C3A7AAEFD}.debug|x64.ActiveCfg = debug|x64
		{968EFC5A-68A0-4A3A-8312-801C3A7AAEFD}.debug|x64.Build.0 = debug|x64
		{968EFC5A-68A0-4A3A-8312-801C3A7AAEFD}.release|x64.ActiveCfg = release|x64
		{968EFC5A-68A0-4A3A-8312-801C3A7AAEFD}.release|x64.Build.0 = release|x64
		{951EAFB6-2B18-4385-8E6D-950DD10CBA98}.debug|x64.ActiveCfg = debug|x64
		{951EAFB6-2B18-4385-8E6D-950DD10CBA98}.debug|x64.Build.0 = debug|x64
		{951EAFB6-2B18-4385-8E6D-950DD10CBA98}.release|x64.ActiveCfg = release|x64
		{951EAFB6-2B18-4385-8E6D-950DD10CBA98}.release|x64.Build.0 = release|x64
		{EB82BF14-D313-4DE1-B5EF-CAB9F36BC24F}.debug|x64.ActiveCfg = debug|x64
		{EB82BF14-D313-4DE1-B5EF-CAB9F36BC24F}.debug|x64.Build.0 = debug|x64
		{EB82BF14-D313-4DE1-B5EF-CAB9F36BC24F}.release|x64.ActiveCfg = release|x64
		{EB82BF14-D313-4DE1-B5EF-CAB9F36BC24F}.release|x64.Build.0 = release|x64
		{50749761-3F3D-44AE-9993-B6250A9E88AA}.debug|x64.ActiveCfg = debug|x64
		{50749761-3F3D-44AE-9993-B6250A9E88AA}.debug|x64.Build.0 = debug|x64
		{50749761-3F3D-44AE-9993-B6250A9E88AA}.release|x64.ActiveCfg = release|x64
		{50749761-3F3D-44AE-9993-B6250A9E88AA}.release|x64.Build.0 = release|x64
		{D6FDE3E6-4E52-4BA3-AB0D-BB7C9B100803}.debug|x64.ActiveCfg = debug|x64
		{D6FDE3E6-4E52-4BA3-AB0D-BB7C9B100803}.debug|x64.Build.0 = debug|x64
		{D6FDE3E6-4E52-4BA3-AB0D-BB7C9B100803}.release|x64.ActiveCfg = release|x64
		{D6FDE3E6-4E52-4BA3-AB0D-BB7C9B100803}.release|x64.Build.0 = release|x64
		{13682BFD-E22B-462B-9520-E234B624734A}.debug|x64.ActiveCfg = debug|x64
		{13682BFD-E22B-462B-9520-E234B624734A}.debug|x64.Build.0 = debug|x64
		{13682BFD-E22B-462B-9520-E234B624734A}.release|x64.ActiveCfg = release|x64
		{13682BFD-E22B-462B-9520-E234B624734A}.release|x64.Build.0 = release|x64
		{9D4AB3E4-C26B-4B7D-80EB-61267044F7D8}.debug|x64.ActiveCfg = debug|x64
		{9D4AB3E4-C26B-4B7D-80EB-61267044F7D8}.debug|x64.Build.0 = debug|x64
		{9D4AB3E4-C26B-4B7D-80EB-61267044F7D8}.release|x64.ActiveCfg = release|x64
		{9D4AB3E4-C26B-4B7D-80EB-61267044F7D8}.release|x64.Build.0 = release|x64
	EndGlobalSection
	GlobalSection(SolutionProperties) = preSolution
		HideSolutionNode = FALSE
	EndGlobalSection
	GlobalSection(NestedProjects) = preSolution
		{7C153142-6FA8-4479-93B8-10DB8DA56D56} = {02F40ED6-9C6C-483E-B694-808DD6EB7A69}
		{42ED2CDB-3B80-4DDB-A3FE-36E933BECA5C} = {02F40ED6-9C6C-483E-B694-808DD6EB7A69}
		{EF1D9D2B-20D4-4C15-BB27-8E4F80E0E734} = {02F40ED6-9C6C-483E-B694-808DD6EB7A69}
		{F7B4A03E-C2E7-4CCA-8C9D-61813E962F26} = {10B973DF-BD58-4B4A-9EBD-DF247C1746AE}
		{1A775255-21E6-4CD9-BE8C-226C73F81E0F} = {10B973DF-BD58-4B4A-9EBD-DF247C1746AE}
		{968EFC5A-68A0-4A3A-8312-801C3A7AAEFD} = {B3695D8F-1B7C-4FA3-829D-F725AEA31EE6}
		{951EAFB6-2B18-4385-8E6D-950DD10CBA98} = {02F40ED6-9C6C-483E-B694-808DD6EB7A69}
		{EB82BF14-D313-4DE1-B5EF-CAB9F36BC24F} = {10B973DF-BD58-4B4A-9EBD-DF247C1746AE}
		{50749761-3F3D-44AE-9993-B6250A9E88AA} = {02F40ED6-9C6C-483E-B694-808DD6EB7A69}
		{D6FDE3E6-4E52-4BA3-AB0D-BB7C9B100803} = {02F40ED6-9C6C-483E-B694-808DD6EB7A69}
		{13682BFD-E22B-462B-9520-E234B624734A} = {02F40ED6-9C6C-483E-B694-808DD6EB7A69}
		{9D4AB3E4-C26B-4B7D-80EB-61267044F7D8} = {02F40ED6-9C6C-483E-B694-808DD6EB7A69}
	EndGlobalSection
EndGlobal
