<?xml version="1.0" encoding="utf-8"?>
<Project ToolsVersion="4.0" xmlns="http://schemas.microsoft.com/developer/msbuild/2003">
  <ItemGroup>
    <ClCompile Include="src\main.cpp">
      <Filter>src</Filter>
    </ClCompile>
    <ClCompile Include="src\PrintableMap.cpp">
      <Filter>src</Filter>
    </ClCompile>
    <ClCompile Include="src\PrintableScale.cpp">
      <Filter>src</Filter>
    </ClCompile>
    <ClCompile Include="src\PrintableInput.cpp">
      <Filter>src</Filter>
    </ClCompile>
    <ClCompile Include="src\PrintableShift.cpp">
      <Filter>src</Filter>
    </ClCompile>
    <ClCompile Include="src\PrintableSum.cpp">
      <Filter>src</Filter>
    </ClCompile>
    <ClCompile Include="src\ElementXLayout.cpp">
      <Filter>src</Filter>
    </ClCompile>
  </ItemGroup>
  <ItemGroup>
    <Filter Include="include">
      <UniqueIdentifier>{cb394254-a40d-4841-84d3-43d009ad5866}</UniqueIdentifier>
    </Filter>
    <Filter Include="src">
      <UniqueIdentifier>{00be475c-482e-4f72-8582-df269c1378b7}</UniqueIdentifier>
    </Filter>
  </ItemGroup>
  <ItemGroup>
    <ClInclude Include="include\IPrintable.h">
      <Filter>include</Filter>
    </ClInclude>
    <ClInclude Include="include\PrintableMap.h">
      <Filter>include</Filter>
    </ClInclude>
    <ClInclude Include="include\PrintableScale.h">
      <Filter>include</Filter>
    </ClInclude>
    <ClInclude Include="include\PrintableInput.h">
      <Filter>include</Filter>
    </ClInclude>
    <ClInclude Include="include\PrintableShift.h">
      <Filter>include</Filter>
    </ClInclude>
    <ClInclude Include="include\PrintableSum.h">
      <Filter>include</Filter>
    </ClInclude>
    <ClInclude Include="include\CommandLineArgs.h">
      <Filter>include</Filter>
    </ClInclude>
    <ClInclude Include="include\ElementXLayout.h">
      <Filter>include</Filter>
    </ClInclude>
  </ItemGroup>
</Project>