<?xml version="1.0" encoding="utf-8"?>
<Project ToolsVersion="4.0" xmlns="http://schemas.microsoft.com/developer/msbuild/2003">
  <ItemGroup>
    <ClCompile Include="src\main.cpp">
      <Filter>src</Filter>
    </ClCompile>
    <ClCompile Include="src\PrintableMap.cpp">
      <Filter>src</Filter>
    </ClCompile>
    <ClCompile Include="src\PrintableInput.cpp">
      <Filter>src</Filter>
    </ClCompile>
    <ClCompile Include="src\PrintableCoordinatewise.cpp">
      <Filter>src</Filter>
    </ClCompile>
    <ClCompile Include="src\PrintableSum.cpp">
      <Filter>src</Filter>
    </ClCompile>
    <ClCompile Include="src\HorizontalLayout.cpp">
      <Filter>src</Filter>
    </ClCompile>
    <ClCompile Include="src\PrintableEmpty.cpp">
      <Filter>src</Filter>
    </ClCompile>
    <ClCompile Include="src\svgHelpers.cpp">
      <Filter>src</Filter>
    </ClCompile>
  </ItemGroup>
  <ItemGroup>
    <Filter Include="include">
      <UniqueIdentifier>{cb394254-a40d-4841-84d3-43d009ad5866}</UniqueIdentifier>
    </Filter>
    <Filter Include="src">
      <UniqueIdentifier>{00be475c-482e-4f72-8582-df269c1378b7}</UniqueIdentifier>
    </Filter>
  </ItemGroup>
  <ItemGroup>
    <ClInclude Include="include\IPrintable.h">
      <Filter>include</Filter>
    </ClInclude>
    <ClInclude Include="include\PrintableMap.h">
      <Filter>include</Filter>
    </ClInclude>
    <ClInclude Include="include\PrintableInput.h">
      <Filter>include</Filter>
    </ClInclude>
    <ClInclude Include="include\PrintableSum.h">
      <Filter>include</Filter>
    </ClInclude>
    <ClInclude Include="include\svgHelpers.h">
      <Filter>include</Filter>
    </ClInclude>
    <ClInclude Include="include\PrintableCoordinatewise.h">
      <Filter>include</Filter>
    </ClInclude>
    <ClInclude Include="include\HorizontalLayout.h">
      <Filter>include</Filter>
    </ClInclude>
    <ClInclude Include="include\PrintableEmpty.h">
      <Filter>include</Filter>
    </ClInclude>
    <ClInclude Include="include\CommandLineArguments.h">
      <Filter>include</Filter>
    </ClInclude>
  </ItemGroup>
</Project>