<?xml version="1.0" encoding="utf-8"?>
<Project ToolsVersion="4.0" xmlns="http://schemas.microsoft.com/developer/msbuild/2003">
  <ItemGroup>
    <Filter Include="include">
      <UniqueIdentifier>{fb90904f-69d8-4527-a060-2e2211309346}</UniqueIdentifier>
    </Filter>
    <Filter Include="src">
      <UniqueIdentifier>{0e1b2c28-b543-4d8f-9244-c40df58b28e2}</UniqueIdentifier>
    </Filter>
  </ItemGroup>
  <ItemGroup>
    <ClInclude Include="include\CompilableInput.h">
      <Filter>include</Filter>
    </ClInclude>
    <ClInclude Include="include\Compilable.h">
      <Filter>include</Filter>
    </ClInclude>
    <ClInclude Include="include\Compiler.h">
      <Filter>include</Filter>
    </ClInclude>
    <ClInclude Include="include\CompilableScale.h">
      <Filter>include</Filter>
    </ClInclude>
    <ClInclude Include="include\CompilableShift.h">
      <Filter>include</Filter>
    </ClInclude>
    <ClInclude Include="include\CompilableSum.h">
      <Filter>include</Filter>
    </ClInclude>
    <ClInclude Include="include\CommandLineArguments.h">
      <Filter>include</Filter>
    </ClInclude>
    <ClInclude Include="include\Action.h">
      <Filter>include</Filter>
    </ClInclude>
  </ItemGroup>
  <ItemGroup>
    <ClCompile Include="src\main.cpp">
      <Filter>src</Filter>
    </ClCompile>
    <ClCompile Include="src\CompilableInput.cpp">
      <Filter>src</Filter>
    </ClCompile>
    <ClCompile Include="src\Compiler.cpp">
      <Filter>src</Filter>
    </ClCompile>
    <ClCompile Include="src\CompilableScale.cpp">
      <Filter>src</Filter>
    </ClCompile>
    <ClCompile Include="src\CompilableShift.cpp">
      <Filter>src</Filter>
    </ClCompile>
    <ClCompile Include="src\CompilableSum.cpp">
      <Filter>src</Filter>
    </ClCompile>
  </ItemGroup>
</Project>