<?xml version="1.0" encoding="utf-8"?>
<Project ToolsVersion="4.0" xmlns="http://schemas.microsoft.com/developer/msbuild/2003">
  <ItemGroup>
    <Filter Include="include">
      <UniqueIdentifier>{6da98c9f-01e7-4b17-95c7-7c6f9645f053}</UniqueIdentifier>
    </Filter>
    <Filter Include="tcc">
      <UniqueIdentifier>{86dce830-cede-4b7d-8fd3-f3a1ee3fcae0}</UniqueIdentifier>
    </Filter>
    <Filter Include="src">
      <UniqueIdentifier>{d1a08781-ebce-4c58-9f02-28b20856bd6b}</UniqueIdentifier>
    </Filter>
  </ItemGroup>
  <ItemGroup>
    <ClInclude Include="include\DatasetMapLoader.h">
      <Filter>include</Filter>
    </ClInclude>
    <ClInclude Include="include\DatasetLoader.h">
      <Filter>include</Filter>
    </ClInclude>
  </ItemGroup>
  <ItemGroup>
    <ClCompile Include="src\DatasetMapLoader.cpp">
      <Filter>src</Filter>
    </ClCompile>
  </ItemGroup>
  <ItemGroup>
    <None Include="tcc\DatasetLoader.tcc">
      <Filter>tcc</Filter>
    </None>
  </ItemGroup>
</Project>